
Microsoft Visual Studio Solution File, Format Version 11.00
# Visual Studio 2010
Project("{8BC9CEB8-8B4A-11D0-8D11-00A0C91BC942}") = "Proyecto_grafo_client", "Proyecto_grafo_client\Proyecto_grafo_client.vcxproj", "{3F58800B-E1C8-4E9D-AB93-535C2DC4326F}"
EndProject
Global
	GlobalSection(SolutionConfigurationPlatforms) = preSolution
		Debug|Win32 = Debug|Win32
		Release|Win32 = Release|Win32
	EndGlobalSection
	GlobalSection(ProjectConfigurationPlatforms) = postSolution
		{3F58800B-E1C8-4E9D-AB93-535C2DC4326F}.Debug|Win32.ActiveCfg = Debug|Win32
		{3F58800B-E1C8-4E9D-AB93-535C2DC4326F}.Debug|Win32.Build.0 = Debug|Win32
		{3F58800B-E1C8-4E9D-AB93-535C2DC4326F}.Release|Win32.ActiveCfg = Release|Win32
		{3F58800B-E1C8-4E9D-AB93-535C2DC4326F}.Release|Win32.Build.0 = Release|Win32
	EndGlobalSection
	GlobalSection(SolutionProperties) = preSolution
		HideSolutionNode = FALSE
	EndGlobalSection
EndGlobal
