
Microsoft Visual Studio Solution File, Format Version 11.00
# Visual Studio 2010
Project("{8BC9CEB8-8B4A-11D0-8D11-00A0C91BC942}") = "Proyecto_grafo_server", "Proyecto_grafo_server\Proyecto_grafo_server.vcxproj", "{E0912115-3B7C-4691-8105-97CFC72ECFCD}"
EndProject
Global
	GlobalSection(SolutionConfigurationPlatforms) = preSolution
		Debug|Win32 = Debug|Win32
		Release|Win32 = Release|Win32
	EndGlobalSection
	GlobalSection(ProjectConfigurationPlatforms) = postSolution
		{E0912115-3B7C-4691-8105-97CFC72ECFCD}.Debug|Win32.ActiveCfg = Debug|Win32
		{E0912115-3B7C-4691-8105-97CFC72ECFCD}.Debug|Win32.Build.0 = Debug|Win32
		{E0912115-3B7C-4691-8105-97CFC72ECFCD}.Release|Win32.ActiveCfg = Release|Win32
		{E0912115-3B7C-4691-8105-97CFC72ECFCD}.Release|Win32.Build.0 = Release|Win32
	EndGlobalSection
	GlobalSection(SolutionProperties) = preSolution
		HideSolutionNode = FALSE
	EndGlobalSection
EndGlobal
