<?xml version="1.0" encoding="utf-8"?>
<Project ToolsVersion="4.0" xmlns="http://schemas.microsoft.com/developer/msbuild/2003">
  <ItemGroup>
    <Filter Include="Archivos de código fuente">
      <UniqueIdentifier>{4FC737F1-C7A5-4376-A066-2A32D752A2FF}</UniqueIdentifier>
      <Extensions>cpp;c;cc;cxx;def;odl;idl;hpj;bat;asm;asmx</Extensions>
    </Filter>
    <Filter Include="Archivos de encabezado">
      <UniqueIdentifier>{93995380-89BD-4b04-88EB-625FBE52EBFB}</UniqueIdentifier>
      <Extensions>h;hpp;hxx;hm;inl;inc;xsd</Extensions>
    </Filter>
    <Filter Include="Archivos de recursos">
      <UniqueIdentifier>{67DA6AB6-F800-4c08-8B7A-83BB121AAD01}</UniqueIdentifier>
      <Extensions>rc;ico;cur;bmp;dlg;rc2;rct;bin;rgs;gif;jpg;jpeg;jpe;resx;tiff;tif;png;wav;mfcribbon-ms</Extensions>
    </Filter>
    <Filter Include="Archivos de encabezado\Entidades">
      <UniqueIdentifier>{fda3ab5a-9e8c-46d8-bba9-4047a3250cad}</UniqueIdentifier>
    </Filter>
    <Filter Include="Archivos de encabezado\Escenario">
      <UniqueIdentifier>{5a9834e7-10bd-4bdb-8c89-d85ca8a7ef27}</UniqueIdentifier>
    </Filter>
    <Filter Include="Archivos de código fuente\Entidades">
      <UniqueIdentifier>{37912a21-ee27-47ae-9810-eaf82f816833}</UniqueIdentifier>
    </Filter>
    <Filter Include="Archivos de código fuente\Escenario">
      <UniqueIdentifier>{4b4397ec-e030-4d7a-8210-0d5e3ab605d8}</UniqueIdentifier>
    </Filter>
    <Filter Include="Archivos de encabezado\Archivos">
      <UniqueIdentifier>{5e410439-b35c-492f-adeb-5e17e407ec12}</UniqueIdentifier>
    </Filter>
    <Filter Include="Archivos de código fuente\Archivos">
      <UniqueIdentifier>{4fea59dd-387b-4922-97d2-e4e5df73b116}</UniqueIdentifier>
    </Filter>
    <Filter Include="Archivos de código fuente\SDL">
      <UniqueIdentifier>{56dd4752-055e-48b9-9cdd-d0d1829653b5}</UniqueIdentifier>
    </Filter>
    <Filter Include="Archivos de código fuente\Utilidades">
      <UniqueIdentifier>{e2ba2a87-116c-42f1-84c7-83ecef37f9f4}</UniqueIdentifier>
    </Filter>
    <Filter Include="Archivos de encabezado\SDL">
      <UniqueIdentifier>{43ea0b04-8384-4560-ad7f-fb17565b0141}</UniqueIdentifier>
    </Filter>
    <Filter Include="Archivos de encabezado\Utilidades">
      <UniqueIdentifier>{f5902a49-0dd7-4beb-9bde-8bbe64bfed77}</UniqueIdentifier>
    </Filter>
    <Filter Include="Archivos de código fuente\Tests">
      <UniqueIdentifier>{1204c63e-1653-49e8-a741-ffade5404d18}</UniqueIdentifier>
    </Filter>
    <Filter Include="Archivos de código fuente\Partida">
      <UniqueIdentifier>{ecb4df0c-72bd-4343-8004-8b09d44c30e2}</UniqueIdentifier>
    </Filter>
    <Filter Include="Archivos de encabezado\Partida">
      <UniqueIdentifier>{3838e699-b0e4-472d-832a-6b78100c80a7}</UniqueIdentifier>
    </Filter>
    <Filter Include="Archivos de encabezado\Tests">
      <UniqueIdentifier>{b7b47f58-a711-4c6e-a9fa-1e0ce5e89db7}</UniqueIdentifier>
    </Filter>
  </ItemGroup>
  <ItemGroup>
    <ClInclude Include="Edificios.h">
      <Filter>Archivos de encabezado\Entidades</Filter>
    </ClInclude>
    <ClInclude Include="Entidad.h">
      <Filter>Archivos de encabezado\Entidades</Filter>
    </ClInclude>
    <ClInclude Include="Posicion.h">
      <Filter>Archivos de encabezado\Escenario</Filter>
    </ClInclude>
    <ClInclude Include="Matriz.h">
      <Filter>Archivos de encabezado\Escenario</Filter>
    </ClInclude>
    <ClInclude Include="Unidad.h">
      <Filter>Archivos de encabezado\Entidades</Filter>
    </ClInclude>
    <ClInclude Include="Escenario.h">
      <Filter>Archivos de encabezado\Escenario</Filter>
    </ClInclude>
    <ClInclude Include="Protagonistas.h">
      <Filter>Archivos de encabezado\Entidades</Filter>
    </ClInclude>
    <ClInclude Include="Archivo.h">
      <Filter>Archivos de encabezado\Archivos</Filter>
    </ClInclude>
    <ClInclude Include="ConfigParser.h">
      <Filter>Archivos de encabezado\Archivos</Filter>
    </ClInclude>
    <ClInclude Include="ErrorLog.h">
      <Filter>Archivos de encabezado\Archivos</Filter>
    </ClInclude>
    <ClInclude Include="BibliotecaDeImagenes.h">
      <Filter>Archivos de encabezado\SDL</Filter>
    </ClInclude>
    <ClInclude Include="Spritesheet.h">
      <Filter>Archivos de encabezado\SDL</Filter>
    </ClInclude>
    <ClInclude Include="ConversorUnidades.h">
      <Filter>Archivos de encabezado\Utilidades</Filter>
    </ClInclude>
    <ClInclude Include="Enumerados.h">
      <Filter>Archivos de encabezado\Utilidades</Filter>
    </ClInclude>
    <ClInclude Include="Partida.h">
      <Filter>Archivos de encabezado\Partida</Filter>
    </ClInclude>
    <ClInclude Include="Jugador.h">
      <Filter>Archivos de encabezado\Partida</Filter>
    </ClInclude>
    <ClInclude Include="Tests.h">
      <Filter>Archivos de encabezado\Tests</Filter>
    </ClInclude>
  </ItemGroup>
  <ItemGroup>
    <ClCompile Include="Main.cpp">
      <Filter>Archivos de código fuente</Filter>
    </ClCompile>
    <ClCompile Include="Entidad.cpp">
      <Filter>Archivos de código fuente\Entidades</Filter>
    </ClCompile>
    <ClCompile Include="Unidad.cpp">
      <Filter>Archivos de código fuente\Entidades</Filter>
    </ClCompile>
    <ClCompile Include="Edificios.cpp">
      <Filter>Archivos de código fuente\Entidades</Filter>
    </ClCompile>
    <ClCompile Include="Matriz.cpp">
      <Filter>Archivos de código fuente\Escenario</Filter>
    </ClCompile>
    <ClCompile Include="Posicion.cpp">
      <Filter>Archivos de código fuente\Escenario</Filter>
    </ClCompile>
    <ClCompile Include="Escenario.cpp">
      <Filter>Archivos de código fuente\Escenario</Filter>
    </ClCompile>
    <ClCompile Include="Protagonistas.cpp">
      <Filter>Archivos de código fuente\Entidades</Filter>
    </ClCompile>
    <ClCompile Include="Archivo.cpp">
      <Filter>Archivos de código fuente\Archivos</Filter>
    </ClCompile>
    <ClCompile Include="ErrorLog.cpp">
      <Filter>Archivos de código fuente\Archivos</Filter>
    </ClCompile>
    <ClCompile Include="ConfigParser.cpp">
      <Filter>Archivos de código fuente\Archivos</Filter>
    </ClCompile>
    <ClCompile Include="BibliotecaDeImagenes.cpp">
      <Filter>Archivos de código fuente\SDL</Filter>
    </ClCompile>
    <ClCompile Include="Spritesheet.cpp">
      <Filter>Archivos de código fuente\SDL</Filter>
    </ClCompile>
    <ClCompile Include="ConversorUnidades.cpp">
      <Filter>Archivos de código fuente\Utilidades</Filter>
    </ClCompile>
    <ClCompile Include="EscenarioTest.cpp">
      <Filter>Archivos de código fuente\Tests</Filter>
    </ClCompile>
    <ClCompile Include="Jugador.cpp">
      <Filter>Archivos de código fuente\Partida</Filter>
    </ClCompile>
    <ClCompile Include="Partida.cpp">
      <Filter>Archivos de código fuente\Partida</Filter>
    </ClCompile>
  </ItemGroup>
</Project>